// !$*UTF8*$!
{
	archiveVersion = 1;
	classes = {
	};
	objectVersion = 46;
	objects = {

/* Begin PBXBuildFile section */
		665751681B304DE500170D83 /* SelectedLocation.m in Sources */ = {isa = PBXBuildFile; fileRef = 665751671B304DE500170D83 /* SelectedLocation.m */; };
		669C11621A9EEEC300558992 /* JsonParsing.m in Sources */ = {isa = PBXBuildFile; fileRef = 669C11611A9EEEC300558992 /* JsonParsing.m */; };
		66B887FC1A9DA40B00CF81F7 /* DetailViewController.m in Sources */ = {isa = PBXBuildFile; fileRef = 66B887FA1A9DA40B00CF81F7 /* DetailViewController.m */; };
		66B887FD1A9DA40B00CF81F7 /* DetailViewController.xib in Resources */ = {isa = PBXBuildFile; fileRef = 66B887FB1A9DA40B00CF81F7 /* DetailViewController.xib */; };
		66B8881F1A9DEA6F00CF81F7 /* background.jpg in Resources */ = {isa = PBXBuildFile; fileRef = 66B8881E1A9DEA6F00CF81F7 /* background.jpg */; };
		66B888221A9DEDD700CF81F7 /* socalgas-location-icon.png in Resources */ = {isa = PBXBuildFile; fileRef = 66B888211A9DEDD700CF81F7 /* socalgas-location-icon.png */; };
		8430FE301A8E139400947C68 /* main.m in Sources */ = {isa = PBXBuildFile; fileRef = 8430FE2F1A8E139400947C68 /* main.m */; };
		8430FE331A8E139400947C68 /* AppDelegate.m in Sources */ = {isa = PBXBuildFile; fileRef = 8430FE321A8E139400947C68 /* AppDelegate.m */; };
		8430FE361A8E139400947C68 /* ViewController.m in Sources */ = {isa = PBXBuildFile; fileRef = 8430FE351A8E139400947C68 /* ViewController.m */; };
		8430FE391A8E139400947C68 /* Main.storyboard in Resources */ = {isa = PBXBuildFile; fileRef = 8430FE371A8E139400947C68 /* Main.storyboard */; };
		8430FE3B1A8E139400947C68 /* Images.xcassets in Resources */ = {isa = PBXBuildFile; fileRef = 8430FE3A1A8E139400947C68 /* Images.xcassets */; };
		8430FE3E1A8E139400947C68 /* LaunchScreen.xib in Resources */ = {isa = PBXBuildFile; fileRef = 8430FE3C1A8E139400947C68 /* LaunchScreen.xib */; };
		8430FE4A1A8E139400947C68 /* socalMapTests.m in Sources */ = {isa = PBXBuildFile; fileRef = 8430FE491A8E139400947C68 /* socalMapTests.m */; };
		8430FE5B1A8E147700947C68 /* HomeViewController.m in Sources */ = {isa = PBXBuildFile; fileRef = 8430FE591A8E147700947C68 /* HomeViewController.m */; };
		8430FE5C1A8E147700947C68 /* HomeViewController.xib in Resources */ = {isa = PBXBuildFile; fileRef = 8430FE5A1A8E147700947C68 /* HomeViewController.xib */; };
		8430FE651A8E164C00947C68 /* GoogleMaps.framework in Frameworks */ = {isa = PBXBuildFile; fileRef = 8430FE641A8E164C00947C68 /* GoogleMaps.framework */; };
		8430FE671A8E165D00947C68 /* GoogleMaps.bundle in Resources */ = {isa = PBXBuildFile; fileRef = 8430FE661A8E165D00947C68 /* GoogleMaps.bundle */; };
		8430FE691A8E172B00947C68 /* AVFoundation.framework in Frameworks */ = {isa = PBXBuildFile; fileRef = 8430FE681A8E172A00947C68 /* AVFoundation.framework */; };
		8430FE6B1A8E173200947C68 /* CoreData.framework in Frameworks */ = {isa = PBXBuildFile; fileRef = 8430FE6A1A8E173200947C68 /* CoreData.framework */; };
		8430FE6D1A8E173E00947C68 /* CoreLocation.framework in Frameworks */ = {isa = PBXBuildFile; fileRef = 8430FE6C1A8E173E00947C68 /* CoreLocation.framework */; };
		8430FE6F1A8E174600947C68 /* CoreText.framework in Frameworks */ = {isa = PBXBuildFile; fileRef = 8430FE6E1A8E174600947C68 /* CoreText.framework */; };
		8430FE711A8E175000947C68 /* GLKit.framework in Frameworks */ = {isa = PBXBuildFile; fileRef = 8430FE701A8E175000947C68 /* GLKit.framework */; };
		8430FE731A8E175800947C68 /* ImageIO.framework in Frameworks */ = {isa = PBXBuildFile; fileRef = 8430FE721A8E175800947C68 /* ImageIO.framework */; };
		8430FE751A8E176300947C68 /* libc++.dylib in Frameworks */ = {isa = PBXBuildFile; fileRef = 8430FE741A8E176300947C68 /* libc++.dylib */; };
		8430FE771A8E177300947C68 /* libicucore.dylib in Frameworks */ = {isa = PBXBuildFile; fileRef = 8430FE761A8E177300947C68 /* libicucore.dylib */; };
		8430FE791A8E178000947C68 /* libz.dylib in Frameworks */ = {isa = PBXBuildFile; fileRef = 8430FE781A8E178000947C68 /* libz.dylib */; };
		8430FE7B1A8E178800947C68 /* OpenGLES.framework in Frameworks */ = {isa = PBXBuildFile; fileRef = 8430FE7A1A8E178800947C68 /* OpenGLES.framework */; };
		8430FE7D1A8E179100947C68 /* QuartzCore.framework in Frameworks */ = {isa = PBXBuildFile; fileRef = 8430FE7C1A8E179100947C68 /* QuartzCore.framework */; };
		8430FE7F1A8E179D00947C68 /* SystemConfiguration.framework in Frameworks */ = {isa = PBXBuildFile; fileRef = 8430FE7E1A8E179D00947C68 /* SystemConfiguration.framework */; };
		8430FE831A8E183000947C68 /* MapViewController.m in Sources */ = {isa = PBXBuildFile; fileRef = 8430FE811A8E183000947C68 /* MapViewController.m */; };
		8430FE841A8E183000947C68 /* MapViewController.xib in Resources */ = {isa = PBXBuildFile; fileRef = 8430FE821A8E183000947C68 /* MapViewController.xib */; };
/* End PBXBuildFile section */

/* Begin PBXContainerItemProxy section */
		8430FE441A8E139400947C68 /* PBXContainerItemProxy */ = {
			isa = PBXContainerItemProxy;
			containerPortal = 8430FE221A8E139400947C68 /* Project object */;
			proxyType = 1;
			remoteGlobalIDString = 8430FE291A8E139400947C68;
			remoteInfo = socalMap;
		};
/* End PBXContainerItemProxy section */

/* Begin PBXFileReference section */
		665751671B304DE500170D83 /* SelectedLocation.m */ = {isa = PBXFileReference; fileEncoding = 4; lastKnownFileType = sourcecode.c.objc; path = SelectedLocation.m; sourceTree = "<group>"; };
		665751691B304DED00170D83 /* SelectedLocation.h */ = {isa = PBXFileReference; lastKnownFileType = sourcecode.c.h; path = SelectedLocation.h; sourceTree = "<group>"; };
		669C11601A9EEEC300558992 /* JsonParsing.h */ = {isa = PBXFileReference; fileEncoding = 4; lastKnownFileType = sourcecode.c.h; path = JsonParsing.h; sourceTree = "<group>"; };
		669C11611A9EEEC300558992 /* JsonParsing.m */ = {isa = PBXFileReference; fileEncoding = 4; lastKnownFileType = sourcecode.c.objc; path = JsonParsing.m; sourceTree = "<group>"; };
		66B887F91A9DA40B00CF81F7 /* DetailViewController.h */ = {isa = PBXFileReference; fileEncoding = 4; lastKnownFileType = sourcecode.c.h; path = DetailViewController.h; sourceTree = "<group>"; };
		66B887FA1A9DA40B00CF81F7 /* DetailViewController.m */ = {isa = PBXFileReference; fileEncoding = 4; lastKnownFileType = sourcecode.c.objc; path = DetailViewController.m; sourceTree = "<group>"; };
		66B887FB1A9DA40B00CF81F7 /* DetailViewController.xib */ = {isa = PBXFileReference; fileEncoding = 4; lastKnownFileType = file.xib; path = DetailViewController.xib; sourceTree = "<group>"; };
		66B8881E1A9DEA6F00CF81F7 /* background.jpg */ = {isa = PBXFileReference; lastKnownFileType = image.jpeg; name = background.jpg; path = socalMap/background.jpg; sourceTree = "<group>"; };
		66B888211A9DEDD700CF81F7 /* socalgas-location-icon.png */ = {isa = PBXFileReference; lastKnownFileType = image.png; name = "socalgas-location-icon.png"; path = "socalMap/socalgas-location-icon.png"; sourceTree = "<group>"; };
		8430FE2A1A8E139400947C68 /* socalMap.app */ = {isa = PBXFileReference; explicitFileType = wrapper.application; includeInIndex = 0; path = socalMap.app; sourceTree = BUILT_PRODUCTS_DIR; };
		8430FE2E1A8E139400947C68 /* Info.plist */ = {isa = PBXFileReference; lastKnownFileType = text.plist.xml; path = Info.plist; sourceTree = "<group>"; };
		8430FE2F1A8E139400947C68 /* main.m */ = {isa = PBXFileReference; lastKnownFileType = sourcecode.c.objc; path = main.m; sourceTree = "<group>"; };
		8430FE311A8E139400947C68 /* AppDelegate.h */ = {isa = PBXFileReference; lastKnownFileType = sourcecode.c.h; path = AppDelegate.h; sourceTree = "<group>"; };
		8430FE321A8E139400947C68 /* AppDelegate.m */ = {isa = PBXFileReference; lastKnownFileType = sourcecode.c.objc; path = AppDelegate.m; sourceTree = "<group>"; };
		8430FE341A8E139400947C68 /* ViewController.h */ = {isa = PBXFileReference; lastKnownFileType = sourcecode.c.h; path = ViewController.h; sourceTree = "<group>"; };
		8430FE351A8E139400947C68 /* ViewController.m */ = {isa = PBXFileReference; lastKnownFileType = sourcecode.c.objc; path = ViewController.m; sourceTree = "<group>"; };
		8430FE381A8E139400947C68 /* Base */ = {isa = PBXFileReference; lastKnownFileType = file.storyboard; name = Base; path = Base.lproj/Main.storyboard; sourceTree = "<group>"; };
		8430FE3A1A8E139400947C68 /* Images.xcassets */ = {isa = PBXFileReference; lastKnownFileType = folder.assetcatalog; path = Images.xcassets; sourceTree = "<group>"; };
		8430FE3D1A8E139400947C68 /* Base */ = {isa = PBXFileReference; lastKnownFileType = file.xib; name = Base; path = Base.lproj/LaunchScreen.xib; sourceTree = "<group>"; };
		8430FE431A8E139400947C68 /* socalMapTests.xctest */ = {isa = PBXFileReference; explicitFileType = wrapper.cfbundle; includeInIndex = 0; path = socalMapTests.xctest; sourceTree = BUILT_PRODUCTS_DIR; };
		8430FE481A8E139400947C68 /* Info.plist */ = {isa = PBXFileReference; lastKnownFileType = text.plist.xml; path = Info.plist; sourceTree = "<group>"; };
		8430FE491A8E139400947C68 /* socalMapTests.m */ = {isa = PBXFileReference; lastKnownFileType = sourcecode.c.objc; path = socalMapTests.m; sourceTree = "<group>"; };
		8430FE581A8E147700947C68 /* HomeViewController.h */ = {isa = PBXFileReference; fileEncoding = 4; lastKnownFileType = sourcecode.c.h; path = HomeViewController.h; sourceTree = "<group>"; };
		8430FE591A8E147700947C68 /* HomeViewController.m */ = {isa = PBXFileReference; fileEncoding = 4; lastKnownFileType = sourcecode.c.objc; path = HomeViewController.m; sourceTree = "<group>"; };
		8430FE5A1A8E147700947C68 /* HomeViewController.xib */ = {isa = PBXFileReference; fileEncoding = 4; lastKnownFileType = file.xib; path = HomeViewController.xib; sourceTree = "<group>"; };
		8430FE641A8E164C00947C68 /* GoogleMaps.framework */ = {isa = PBXFileReference; lastKnownFileType = wrapper.framework; path = GoogleMaps.framework; sourceTree = "<group>"; };
		8430FE661A8E165D00947C68 /* GoogleMaps.bundle */ = {isa = PBXFileReference; lastKnownFileType = "wrapper.plug-in"; name = GoogleMaps.bundle; path = GoogleMaps.framework/Versions/A/Resources/GoogleMaps.bundle; sourceTree = "<group>"; };
		8430FE681A8E172A00947C68 /* AVFoundation.framework */ = {isa = PBXFileReference; lastKnownFileType = wrapper.framework; name = AVFoundation.framework; path = System/Library/Frameworks/AVFoundation.framework; sourceTree = SDKROOT; };
		8430FE6A1A8E173200947C68 /* CoreData.framework */ = {isa = PBXFileReference; lastKnownFileType = wrapper.framework; name = CoreData.framework; path = System/Library/Frameworks/CoreData.framework; sourceTree = SDKROOT; };
		8430FE6C1A8E173E00947C68 /* CoreLocation.framework */ = {isa = PBXFileReference; lastKnownFileType = wrapper.framework; name = CoreLocation.framework; path = System/Library/Frameworks/CoreLocation.framework; sourceTree = SDKROOT; };
		8430FE6E1A8E174600947C68 /* CoreText.framework */ = {isa = PBXFileReference; lastKnownFileType = wrapper.framework; name = CoreText.framework; path = System/Library/Frameworks/CoreText.framework; sourceTree = SDKROOT; };
		8430FE701A8E175000947C68 /* GLKit.framework */ = {isa = PBXFileReference; lastKnownFileType = wrapper.framework; name = GLKit.framework; path = System/Library/Frameworks/GLKit.framework; sourceTree = SDKROOT; };
		8430FE721A8E175800947C68 /* ImageIO.framework */ = {isa = PBXFileReference; lastKnownFileType = wrapper.framework; name = ImageIO.framework; path = System/Library/Frameworks/ImageIO.framework; sourceTree = SDKROOT; };
		8430FE741A8E176300947C68 /* libc++.dylib */ = {isa = PBXFileReference; lastKnownFileType = "compiled.mach-o.dylib"; name = "libc++.dylib"; path = "usr/lib/libc++.dylib"; sourceTree = SDKROOT; };
		8430FE761A8E177300947C68 /* libicucore.dylib */ = {isa = PBXFileReference; lastKnownFileType = "compiled.mach-o.dylib"; name = libicucore.dylib; path = usr/lib/libicucore.dylib; sourceTree = SDKROOT; };
		8430FE781A8E178000947C68 /* libz.dylib */ = {isa = PBXFileReference; lastKnownFileType = "compiled.mach-o.dylib"; name = libz.dylib; path = usr/lib/libz.dylib; sourceTree = SDKROOT; };
		8430FE7A1A8E178800947C68 /* OpenGLES.framework */ = {isa = PBXFileReference; lastKnownFileType = wrapper.framework; name = OpenGLES.framework; path = System/Library/Frameworks/OpenGLES.framework; sourceTree = SDKROOT; };
		8430FE7C1A8E179100947C68 /* QuartzCore.framework */ = {isa = PBXFileReference; lastKnownFileType = wrapper.framework; name = QuartzCore.framework; path = System/Library/Frameworks/QuartzCore.framework; sourceTree = SDKROOT; };
		8430FE7E1A8E179D00947C68 /* SystemConfiguration.framework */ = {isa = PBXFileReference; lastKnownFileType = wrapper.framework; name = SystemConfiguration.framework; path = System/Library/Frameworks/SystemConfiguration.framework; sourceTree = SDKROOT; };
		8430FE801A8E183000947C68 /* MapViewController.h */ = {isa = PBXFileReference; fileEncoding = 4; lastKnownFileType = sourcecode.c.h; path = MapViewController.h; sourceTree = "<group>"; };
		8430FE811A8E183000947C68 /* MapViewController.m */ = {isa = PBXFileReference; fileEncoding = 4; lastKnownFileType = sourcecode.c.objc; path = MapViewController.m; sourceTree = "<group>"; };
		8430FE821A8E183000947C68 /* MapViewController.xib */ = {isa = PBXFileReference; fileEncoding = 4; lastKnownFileType = file.xib; path = MapViewController.xib; sourceTree = "<group>"; };
/* End PBXFileReference section */

/* Begin PBXFrameworksBuildPhase section */
		8430FE271A8E139400947C68 /* Frameworks */ = {
			isa = PBXFrameworksBuildPhase;
			buildActionMask = 2147483647;
			files = (
				8430FE7F1A8E179D00947C68 /* SystemConfiguration.framework in Frameworks */,
				8430FE7D1A8E179100947C68 /* QuartzCore.framework in Frameworks */,
				8430FE7B1A8E178800947C68 /* OpenGLES.framework in Frameworks */,
				8430FE791A8E178000947C68 /* libz.dylib in Frameworks */,
				8430FE771A8E177300947C68 /* libicucore.dylib in Frameworks */,
				8430FE751A8E176300947C68 /* libc++.dylib in Frameworks */,
				8430FE731A8E175800947C68 /* ImageIO.framework in Frameworks */,
				8430FE711A8E175000947C68 /* GLKit.framework in Frameworks */,
				8430FE6F1A8E174600947C68 /* CoreText.framework in Frameworks */,
				8430FE6D1A8E173E00947C68 /* CoreLocation.framework in Frameworks */,
				8430FE6B1A8E173200947C68 /* CoreData.framework in Frameworks */,
				8430FE691A8E172B00947C68 /* AVFoundation.framework in Frameworks */,
				8430FE651A8E164C00947C68 /* GoogleMaps.framework in Frameworks */,
			);
			runOnlyForDeploymentPostprocessing = 0;
		};
		8430FE401A8E139400947C68 /* Frameworks */ = {
			isa = PBXFrameworksBuildPhase;
			buildActionMask = 2147483647;
			files = (
			);
			runOnlyForDeploymentPostprocessing = 0;
		};
/* End PBXFrameworksBuildPhase section */

/* Begin PBXGroup section */
		669C11CC1A9F428400558992 /* Delegates Class */ = {
			isa = PBXGroup;
			children = (
				8430FE321A8E139400947C68 /* AppDelegate.m */,
				8430FE311A8E139400947C68 /* AppDelegate.h */,
			);
			name = "Delegates Class";
			sourceTree = "<group>";
		};
		669C11CD1A9F42A600558992 /* View Controllers */ = {
			isa = PBXGroup;
			children = (
				8430FE341A8E139400947C68 /* ViewController.h */,
				8430FE351A8E139400947C68 /* ViewController.m */,
				8430FE581A8E147700947C68 /* HomeViewController.h */,
				8430FE591A8E147700947C68 /* HomeViewController.m */,
				66B887FA1A9DA40B00CF81F7 /* DetailViewController.m */,
				66B887F91A9DA40B00CF81F7 /* DetailViewController.h */,
				8430FE811A8E183000947C68 /* MapViewController.m */,
				8430FE801A8E183000947C68 /* MapViewController.h */,
			);
			name = "View Controllers";
			sourceTree = "<group>";
		};
		669C11CE1A9F42C800558992 /* View Controllers xib */ = {
			isa = PBXGroup;
			children = (
				665751691B304DED00170D83 /* SelectedLocation.h */,
				665751671B304DE500170D83 /* SelectedLocation.m */,
				8430FE5A1A8E147700947C68 /* HomeViewController.xib */,
				8430FE821A8E183000947C68 /* MapViewController.xib */,
				66B887FB1A9DA40B00CF81F7 /* DetailViewController.xib */,
			);
			name = "View Controllers xib";
			sourceTree = "<group>";
		};
		669C11CF1A9F430200558992 /* classes */ = {
			isa = PBXGroup;
			children = (
				669C11611A9EEEC300558992 /* JsonParsing.m */,
				669C11601A9EEEC300558992 /* JsonParsing.h */,
			);
			name = classes;
			sourceTree = "<group>";
		};
		66B888201A9DEA7900CF81F7 /* Images */ = {
			isa = PBXGroup;
			children = (
				66B888211A9DEDD700CF81F7 /* socalgas-location-icon.png */,
				66B8881E1A9DEA6F00CF81F7 /* background.jpg */,
			);
			name = Images;
			path = ..;
			sourceTree = "<group>";
		};
		8430FE211A8E139400947C68 = {
			isa = PBXGroup;
			children = (
				8430FE7E1A8E179D00947C68 /* SystemConfiguration.framework */,
				8430FE7C1A8E179100947C68 /* QuartzCore.framework */,
				8430FE7A1A8E178800947C68 /* OpenGLES.framework */,
				8430FE781A8E178000947C68 /* libz.dylib */,
				8430FE761A8E177300947C68 /* libicucore.dylib */,
				8430FE741A8E176300947C68 /* libc++.dylib */,
				8430FE721A8E175800947C68 /* ImageIO.framework */,
				8430FE701A8E175000947C68 /* GLKit.framework */,
				8430FE6E1A8E174600947C68 /* CoreText.framework */,
				8430FE6C1A8E173E00947C68 /* CoreLocation.framework */,
				8430FE6A1A8E173200947C68 /* CoreData.framework */,
				8430FE681A8E172A00947C68 /* AVFoundation.framework */,
				8430FE631A8E161E00947C68 /* Google sdk */,
				8430FE2C1A8E139400947C68 /* socalMap */,
				8430FE461A8E139400947C68 /* socalMapTests */,
				8430FE2B1A8E139400947C68 /* Products */,
			);
			sourceTree = "<group>";
		};
		8430FE2B1A8E139400947C68 /* Products */ = {
			isa = PBXGroup;
			children = (
				8430FE2A1A8E139400947C68 /* socalMap.app */,
				8430FE431A8E139400947C68 /* socalMapTests.xctest */,
			);
			name = Products;
			sourceTree = "<group>";
		};
		8430FE2C1A8E139400947C68 /* socalMap */ = {
			isa = PBXGroup;
			children = (
				66B888201A9DEA7900CF81F7 /* Images */,
				669C11CF1A9F430200558992 /* classes */,
				669C11CE1A9F42C800558992 /* View Controllers xib */,
				669C11CD1A9F42A600558992 /* View Controllers */,
				669C11CC1A9F428400558992 /* Delegates Class */,
				8430FE371A8E139400947C68 /* Main.storyboard */,
				8430FE3A1A8E139400947C68 /* Images.xcassets */,
				8430FE3C1A8E139400947C68 /* LaunchScreen.xib */,
				8430FE2D1A8E139400947C68 /* Supporting Files */,
			);
			path = socalMap;
			sourceTree = "<group>";
		};
		8430FE2D1A8E139400947C68 /* Supporting Files */ = {
			isa = PBXGroup;
			children = (
				8430FE2E1A8E139400947C68 /* Info.plist */,
				8430FE2F1A8E139400947C68 /* main.m */,
			);
			name = "Supporting Files";
			sourceTree = "<group>";
		};
		8430FE461A8E139400947C68 /* socalMapTests */ = {
			isa = PBXGroup;
			children = (
				8430FE491A8E139400947C68 /* socalMapTests.m */,
				8430FE471A8E139400947C68 /* Supporting Files */,
			);
			path = socalMapTests;
			sourceTree = "<group>";
		};
		8430FE471A8E139400947C68 /* Supporting Files */ = {
			isa = PBXGroup;
			children = (
				8430FE481A8E139400947C68 /* Info.plist */,
			);
			name = "Supporting Files";
			sourceTree = "<group>";
		};
		8430FE631A8E161E00947C68 /* Google sdk */ = {
			isa = PBXGroup;
			children = (
				8430FE661A8E165D00947C68 /* GoogleMaps.bundle */,
				8430FE641A8E164C00947C68 /* GoogleMaps.framework */,
			);
			name = "Google sdk";
			sourceTree = "<group>";
		};
/* End PBXGroup section */

/* Begin PBXNativeTarget section */
		8430FE291A8E139400947C68 /* socalMap */ = {
			isa = PBXNativeTarget;
			buildConfigurationList = 8430FE4D1A8E139400947C68 /* Build configuration list for PBXNativeTarget "socalMap" */;
			buildPhases = (
				8430FE261A8E139400947C68 /* Sources */,
				8430FE271A8E139400947C68 /* Frameworks */,
				8430FE281A8E139400947C68 /* Resources */,
			);
			buildRules = (
			);
			dependencies = (
			);
			name = socalMap;
			productName = socalMap;
			productReference = 8430FE2A1A8E139400947C68 /* socalMap.app */;
			productType = "com.apple.product-type.application";
		};
		8430FE421A8E139400947C68 /* socalMapTests */ = {
			isa = PBXNativeTarget;
			buildConfigurationList = 8430FE501A8E139400947C68 /* Build configuration list for PBXNativeTarget "socalMapTests" */;
			buildPhases = (
				8430FE3F1A8E139400947C68 /* Sources */,
				8430FE401A8E139400947C68 /* Frameworks */,
				8430FE411A8E139400947C68 /* Resources */,
			);
			buildRules = (
			);
			dependencies = (
				8430FE451A8E139400947C68 /* PBXTargetDependency */,
			);
			name = socalMapTests;
			productName = socalMapTests;
			productReference = 8430FE431A8E139400947C68 /* socalMapTests.xctest */;
			productType = "com.apple.product-type.bundle.unit-test";
		};
/* End PBXNativeTarget section */

/* Begin PBXProject section */
		8430FE221A8E139400947C68 /* Project object */ = {
			isa = PBXProject;
			attributes = {
				LastUpgradeCheck = 0610;
				ORGANIZATIONNAME = com.brillio;
				TargetAttributes = {
					8430FE291A8E139400947C68 = {
						CreatedOnToolsVersion = 6.1;
					};
					8430FE421A8E139400947C68 = {
						CreatedOnToolsVersion = 6.1;
						TestTargetID = 8430FE291A8E139400947C68;
					};
				};
			};
			buildConfigurationList = 8430FE251A8E139400947C68 /* Build configuration list for PBXProject "socalMap" */;
			compatibilityVersion = "Xcode 3.2";
			developmentRegion = English;
			hasScannedForEncodings = 0;
			knownRegions = (
				en,
				Base,
			);
			mainGroup = 8430FE211A8E139400947C68;
			productRefGroup = 8430FE2B1A8E139400947C68 /* Products */;
			projectDirPath = "";
			projectRoot = "";
			targets = (
				8430FE291A8E139400947C68 /* socalMap */,
				8430FE421A8E139400947C68 /* socalMapTests */,
			);
		};
/* End PBXProject section */

/* Begin PBXResourcesBuildPhase section */
		8430FE281A8E139400947C68 /* Resources */ = {
			isa = PBXResourcesBuildPhase;
			buildActionMask = 2147483647;
			files = (
				8430FE391A8E139400947C68 /* Main.storyboard in Resources */,
				66B8881F1A9DEA6F00CF81F7 /* background.jpg in Resources */,
				8430FE841A8E183000947C68 /* MapViewController.xib in Resources */,
				66B888221A9DEDD700CF81F7 /* socalgas-location-icon.png in Resources */,
				66B887FD1A9DA40B00CF81F7 /* DetailViewController.xib in Resources */,
				8430FE3E1A8E139400947C68 /* LaunchScreen.xib in Resources */,
				8430FE3B1A8E139400947C68 /* Images.xcassets in Resources */,
				8430FE5C1A8E147700947C68 /* HomeViewController.xib in Resources */,
				8430FE671A8E165D00947C68 /* GoogleMaps.bundle in Resources */,
			);
			runOnlyForDeploymentPostprocessing = 0;
		};
		8430FE411A8E139400947C68 /* Resources */ = {
			isa = PBXResourcesBuildPhase;
			buildActionMask = 2147483647;
			files = (
			);
			runOnlyForDeploymentPostprocessing = 0;
		};
/* End PBXResourcesBuildPhase section */

/* Begin PBXSourcesBuildPhase section */
		8430FE261A8E139400947C68 /* Sources */ = {
			isa = PBXSourcesBuildPhase;
			buildActionMask = 2147483647;
			files = (
				8430FE361A8E139400947C68 /* ViewController.m in Sources */,
				669C11621A9EEEC300558992 /* JsonParsing.m in Sources */,
				8430FE331A8E139400947C68 /* AppDelegate.m in Sources */,
				8430FE831A8E183000947C68 /* MapViewController.m in Sources */,
				8430FE301A8E139400947C68 /* main.m in Sources */,
				8430FE5B1A8E147700947C68 /* HomeViewController.m in Sources */,
				66B887FC1A9DA40B00CF81F7 /* DetailViewController.m in Sources */,
				665751681B304DE500170D83 /* SelectedLocation.m in Sources */,
			);
			runOnlyForDeploymentPostprocessing = 0;
		};
		8430FE3F1A8E139400947C68 /* Sources */ = {
			isa = PBXSourcesBuildPhase;
			buildActionMask = 2147483647;
			files = (
				8430FE4A1A8E139400947C68 /* socalMapTests.m in Sources */,
			);
			runOnlyForDeploymentPostprocessing = 0;
		};
/* End PBXSourcesBuildPhase section */

/* Begin PBXTargetDependency section */
		8430FE451A8E139400947C68 /* PBXTargetDependency */ = {
			isa = PBXTargetDependency;
			target = 8430FE291A8E139400947C68 /* socalMap */;
			targetProxy = 8430FE441A8E139400947C68 /* PBXContainerItemProxy */;
		};
/* End PBXTargetDependency section */

/* Begin PBXVariantGroup section */
		8430FE371A8E139400947C68 /* Main.storyboard */ = {
			isa = PBXVariantGroup;
			children = (
				8430FE381A8E139400947C68 /* Base */,
			);
			name = Main.storyboard;
			sourceTree = "<group>";
		};
		8430FE3C1A8E139400947C68 /* LaunchScreen.xib */ = {
			isa = PBXVariantGroup;
			children = (
				8430FE3D1A8E139400947C68 /* Base */,
			);
			name = LaunchScreen.xib;
			sourceTree = "<group>";
		};
/* End PBXVariantGroup section */

/* Begin XCBuildConfiguration section */
		8430FE4B1A8E139400947C68 /* Debug */ = {
			isa = XCBuildConfiguration;
			buildSettings = {
				ALWAYS_SEARCH_USER_PATHS = NO;
				CLANG_CXX_LANGUAGE_STANDARD = "gnu++0x";
				CLANG_CXX_LIBRARY = "libc++";
				CLANG_ENABLE_MODULES = YES;
				CLANG_ENABLE_OBJC_ARC = YES;
				CLANG_WARN_BOOL_CONVERSION = YES;
				CLANG_WARN_CONSTANT_CONVERSION = YES;
				CLANG_WARN_DIRECT_OBJC_ISA_USAGE = YES_ERROR;
				CLANG_WARN_EMPTY_BODY = YES;
				CLANG_WARN_ENUM_CONVERSION = YES;
				CLANG_WARN_INT_CONVERSION = YES;
				CLANG_WARN_OBJC_ROOT_CLASS = YES_ERROR;
				CLANG_WARN_UNREACHABLE_CODE = YES;
				CLANG_WARN__DUPLICATE_METHOD_MATCH = YES;
				"CODE_SIGN_IDENTITY[sdk=iphoneos*]" = "iPhone Developer";
				COPY_PHASE_STRIP = NO;
				ENABLE_STRICT_OBJC_MSGSEND = YES;
				GCC_C_LANGUAGE_STANDARD = gnu99;
				GCC_DYNAMIC_NO_PIC = NO;
				GCC_OPTIMIZATION_LEVEL = 0;
				GCC_PREPROCESSOR_DEFINITIONS = (
					"DEBUG=1",
					"$(inherited)",
				);
				GCC_SYMBOLS_PRIVATE_EXTERN = NO;
				GCC_WARN_64_TO_32_BIT_CONVERSION = YES;
				GCC_WARN_ABOUT_RETURN_TYPE = YES_ERROR;
				GCC_WARN_UNDECLARED_SELECTOR = YES;
				GCC_WARN_UNINITIALIZED_AUTOS = YES_AGGRESSIVE;
				GCC_WARN_UNUSED_FUNCTION = YES;
				GCC_WARN_UNUSED_VARIABLE = YES;
				IPHONEOS_DEPLOYMENT_TARGET = 8.1;
				MTL_ENABLE_DEBUG_INFO = YES;
				ONLY_ACTIVE_ARCH = YES;
				OTHER_LDFLAGS = "-ObjC";
				SDKROOT = iphoneos;
			};
			name = Debug;
		};
		8430FE4C1A8E139400947C68 /* Release */ = {
			isa = XCBuildConfiguration;
			buildSettings = {
				ALWAYS_SEARCH_USER_PATHS = NO;
				CLANG_CXX_LANGUAGE_STANDARD = "gnu++0x";
				CLANG_CXX_LIBRARY = "libc++";
				CLANG_ENABLE_MODULES = YES;
				CLANG_ENABLE_OBJC_ARC = YES;
				CLANG_WARN_BOOL_CONVERSION = YES;
				CLANG_WARN_CONSTANT_CONVERSION = YES;
				CLANG_WARN_DIRECT_OBJC_ISA_USAGE = YES_ERROR;
				CLANG_WARN_EMPTY_BODY = YES;
				CLANG_WARN_ENUM_CONVERSION = YES;
				CLANG_WARN_INT_CONVERSION = YES;
				CLANG_WARN_OBJC_ROOT_CLASS = YES_ERROR;
				CLANG_WARN_UNREACHABLE_CODE = YES;
				CLANG_WARN__DUPLICATE_METHOD_MATCH = YES;
				"CODE_SIGN_IDENTITY[sdk=iphoneos*]" = "iPhone Developer";
				COPY_PHASE_STRIP = YES;
				ENABLE_NS_ASSERTIONS = NO;
				ENABLE_STRICT_OBJC_MSGSEND = YES;
				GCC_C_LANGUAGE_STANDARD = gnu99;
				GCC_WARN_64_TO_32_BIT_CONVERSION = YES;
				GCC_WARN_ABOUT_RETURN_TYPE = YES_ERROR;
				GCC_WARN_UNDECLARED_SELECTOR = YES;
				GCC_WARN_UNINITIALIZED_AUTOS = YES_AGGRESSIVE;
				GCC_WARN_UNUSED_FUNCTION = YES;
				GCC_WARN_UNUSED_VARIABLE = YES;
				IPHONEOS_DEPLOYMENT_TARGET = 8.1;
				MTL_ENABLE_DEBUG_INFO = NO;
				OTHER_LDFLAGS = "-ObjC";
				SDKROOT = iphoneos;
				VALIDATE_PRODUCT = YES;
			};
			name = Release;
		};
		8430FE4E1A8E139400947C68 /* Debug */ = {
			isa = XCBuildConfiguration;
			buildSettings = {
				ASSETCATALOG_COMPILER_APPICON_NAME = AppIcon;
				FRAMEWORK_SEARCH_PATHS = (
					"$(inherited)",
					"$(PROJECT_DIR)",
				);
				INFOPLIST_FILE = socalMap/Info.plist;
				IPHONEOS_DEPLOYMENT_TARGET = 8.0;
				LD_RUNPATH_SEARCH_PATHS = "$(inherited) @executable_path/Frameworks";
				PRODUCT_NAME = "$(TARGET_NAME)";
				TARGETED_DEVICE_FAMILY = 1;
			};
			name = Debug;
		};
		8430FE4F1A8E139400947C68 /* Release */ = {
			isa = XCBuildConfiguration;
			buildSettings = {
				ASSETCATALOG_COMPILER_APPICON_NAME = AppIcon;
				FRAMEWORK_SEARCH_PATHS = (
					"$(inherited)",
					"$(PROJECT_DIR)",
				);
				INFOPLIST_FILE = socalMap/Info.plist;
				IPHONEOS_DEPLOYMENT_TARGET = 8.0;
				LD_RUNPATH_SEARCH_PATHS = "$(inherited) @executable_path/Frameworks";
				PRODUCT_NAME = "$(TARGET_NAME)";
				TARGETED_DEVICE_FAMILY = 1;
			};
			name = Release;
		};
		8430FE511A8E139400947C68 /* Debug */ = {
			isa = XCBuildConfiguration;
			buildSettings = {
				BUNDLE_LOADER = "$(TEST_HOST)";
				FRAMEWORK_SEARCH_PATHS = (
					"$(SDKROOT)/Developer/Library/Frameworks",
					"$(inherited)",
				);
				GCC_PREPROCESSOR_DEFINITIONS = (
					"DEBUG=1",
					"$(inherited)",
				);
				INFOPLIST_FILE = socalMapTests/Info.plist;
				IPHONEOS_DEPLOYMENT_TARGET = 8.0;
				LD_RUNPATH_SEARCH_PATHS = "$(inherited) @executable_path/Frameworks @loader_path/Frameworks";
				PRODUCT_NAME = "$(TARGET_NAME)";
				TEST_HOST = "$(BUILT_PRODUCTS_DIR)/socalMap.app/socalMap";
			};
			name = Debug;
		};
		8430FE521A8E139400947C68 /* Release */ = {
			isa = XCBuildConfiguration;
			buildSettings = {
				BUNDLE_LOADER = "$(TEST_HOST)";
				FRAMEWORK_SEARCH_PATHS = (
					"$(SDKROOT)/Developer/Library/Frameworks",
					"$(inherited)",
				);
				INFOPLIST_FILE = socalMapTests/Info.plist;
				IPHONEOS_DEPLOYMENT_TARGET = 8.0;
				LD_RUNPATH_SEARCH_PATHS = "$(inherited) @executable_path/Frameworks @loader_path/Frameworks";
				PRODUCT_NAME = "$(TARGET_NAME)";
				TEST_HOST = "$(BUILT_PRODUCTS_DIR)/socalMap.app/socalMap";
			};
			name = Release;
		};
/* End XCBuildConfiguration section */

/* Begin XCConfigurationList section */
		8430FE251A8E139400947C68 /* Build configuration list for PBXProject "socalMap" */ = {
			isa = XCConfigurationList;
			buildConfigurations = (
				8430FE4B1A8E139400947C68 /* Debug */,
				8430FE4C1A8E139400947C68 /* Release */,
			);
			defaultConfigurationIsVisible = 0;
			defaultConfigurationName = Release;
		};
		8430FE4D1A8E139400947C68 /* Build configuration list for PBXNativeTarget "socalMap" */ = {
			isa = XCConfigurationList;
			buildConfigurations = (
				8430FE4E1A8E139400947C68 /* Debug */,
				8430FE4F1A8E139400947C68 /* Release */,
			);
			defaultConfigurationIsVisible = 0;
			defaultConfigurationName = Release;
		};
		8430FE501A8E139400947C68 /* Build configuration list for PBXNativeTarget "socalMapTests" */ = {
			isa = XCConfigurationList;
			buildConfigurations = (
				8430FE511A8E139400947C68 /* Debug */,
				8430FE521A8E139400947C68 /* Release */,
			);
			defaultConfigurationIsVisible = 0;
			defaultConfigurationName = Release;
		};
/* End XCConfigurationList section */
	};
	rootObject = 8430FE221A8E139400947C68 /* Project object */;
}
